
Microsoft Visual Studio Solution File, Format Version 12.00
# Visual Studio Version 17
VisualStudioVersion = 17.6.33829.357
MinimumVisualStudioVersion = 10.0.40219.1
Project("{9A19103F-16F7-4668-BE54-9A1E7A4F7556}") = "PkCompletionist", "PkCompletionist.csproj", "{80040AC3-02F7-4F80-BA9E-9C5F311B7951}"
EndProject
Global
	GlobalSection(SolutionConfigurationPlatforms) = preSolution
		Debug|Any CPU = Debug|Any CPU
		Release|Any CPU = Release|Any CPU
	EndGlobalSection
	GlobalSection(ProjectConfigurationPlatforms) = postSolution
		{80040AC3-02F7-4F80-BA9E-9C5F311B7951}.Debug|Any CPU.ActiveCfg = Debug|Any CPU
		{80040AC3-02F7-4F80-BA9E-9C5F311B7951}.Debug|Any CPU.Build.0 = Debug|Any CPU
		{80040AC3-02F7-4F80-BA9E-9C5F311B7951}.Release|Any CPU.ActiveCfg = Release|Any CPU
		{80040AC3-02F7-4F80-BA9E-9C5F311B7951}.Release|Any CPU.Build.0 = Release|Any CPU
	EndGlobalSection
	GlobalSection(SolutionProperties) = preSolution
		HideSolutionNode = FALSE
	EndGlobalSection
	GlobalSection(ExtensibilityGlobals) = postSolution
		SolutionGuid = {94701D75-1C74-4BCE-A2AE-88087D5AFC77}
	EndGlobalSection
EndGlobal
